// !$*UTF8*$!
{
	archiveVersion = 1;
	classes = {
	};
	objectVersion = 46;
	objects = {

/* Begin PBXBuildFile section */
		043D540C1ECB64CA0011C95D /* AppDelegate.swift in Sources */ = {isa = PBXBuildFile; fileRef = 043D540B1ECB64CA0011C95D /* AppDelegate.swift */; };
		043D540E1ECB64CA0011C95D /* ViewController.swift in Sources */ = {isa = PBXBuildFile; fileRef = 043D540D1ECB64CA0011C95D /* ViewController.swift */; };
		043D54111ECB64CA0011C95D /* Main.storyboard in Resources */ = {isa = PBXBuildFile; fileRef = 043D540F1ECB64CA0011C95D /* Main.storyboard */; };
		043D54141ECB64CA0011C95D /* WineCollector.xcdatamodeld in Sources */ = {isa = PBXBuildFile; fileRef = 043D54121ECB64CA0011C95D /* WineCollector.xcdatamodeld */; };
		043D54161ECB64CA0011C95D /* Assets.xcassets in Resources */ = {isa = PBXBuildFile; fileRef = 043D54151ECB64CA0011C95D /* Assets.xcassets */; };
		043D54191ECB64CA0011C95D /* LaunchScreen.storyboard in Resources */ = {isa = PBXBuildFile; fileRef = 043D54171ECB64CA0011C95D /* LaunchScreen.storyboard */; };
		043D54231ECB6ADF0011C95D /* WineViewController.swift in Sources */ = {isa = PBXBuildFile; fileRef = 043D54221ECB6ADF0011C95D /* WineViewController.swift */; };
/* End PBXBuildFile section */

/* Begin PBXFileReference section */
		043D54081ECB64CA0011C95D /* WineCollector.app */ = {isa = PBXFileReference; explicitFileType = wrapper.application; includeInIndex = 0; path = WineCollector.app; sourceTree = BUILT_PRODUCTS_DIR; };
		043D540B1ECB64CA0011C95D /* AppDelegate.swift */ = {isa = PBXFileReference; lastKnownFileType = sourcecode.swift; path = AppDelegate.swift; sourceTree = "<group>"; };
		043D540D1ECB64CA0011C95D /* ViewController.swift */ = {isa = PBXFileReference; lastKnownFileType = sourcecode.swift; path = ViewController.swift; sourceTree = "<group>"; };
		043D54101ECB64CA0011C95D /* Base */ = {isa = PBXFileReference; lastKnownFileType = file.storyboard; name = Base; path = Base.lproj/Main.storyboard; sourceTree = "<group>"; };
		043D54131ECB64CA0011C95D /* WineCollector.xcdatamodel */ = {isa = PBXFileReference; lastKnownFileType = wrapper.xcdatamodel; path = WineCollector.xcdatamodel; sourceTree = "<group>"; };
		043D54151ECB64CA0011C95D /* Assets.xcassets */ = {isa = PBXFileReference; lastKnownFileType = folder.assetcatalog; path = Assets.xcassets; sourceTree = "<group>"; };
		043D54181ECB64CA0011C95D /* Base */ = {isa = PBXFileReference; lastKnownFileType = file.storyboard; name = Base; path = Base.lproj/LaunchScreen.storyboard; sourceTree = "<group>"; };
		043D541A1ECB64CA0011C95D /* Info.plist */ = {isa = PBXFileReference; lastKnownFileType = text.plist.xml; path = Info.plist; sourceTree = "<group>"; };
		043D54221ECB6ADF0011C95D /* WineViewController.swift */ = {isa = PBXFileReference; fileEncoding = 4; lastKnownFileType = sourcecode.swift; path = WineViewController.swift; sourceTree = "<group>"; };
/* End PBXFileReference section */

/* Begin PBXFrameworksBuildPhase section */
		043D54051ECB64CA0011C95D /* Frameworks */ = {
			isa = PBXFrameworksBuildPhase;
			buildActionMask = 2147483647;
			files = (
			);
			runOnlyForDeploymentPostprocessing = 0;
		};
/* End PBXFrameworksBuildPhase section */

/* Begin PBXGroup section */
		043D53FF1ECB64CA0011C95D = {
			isa = PBXGroup;
			children = (
				043D540A1ECB64CA0011C95D /* WineCollector */,
				043D54091ECB64CA0011C95D /* Products */,
			);
			sourceTree = "<group>";
		};
		043D54091ECB64CA0011C95D /* Products */ = {
			isa = PBXGroup;
			children = (
				043D54081ECB64CA0011C95D /* WineCollector.app */,
			);
			name = Products;
			sourceTree = "<group>";
		};
		043D540A1ECB64CA0011C95D /* WineCollector */ = {
			isa = PBXGroup;
			children = (
				043D540B1ECB64CA0011C95D /* AppDelegate.swift */,
				043D540D1ECB64CA0011C95D /* ViewController.swift */,
				043D54221ECB6ADF0011C95D /* WineViewController.swift */,
				043D540F1ECB64CA0011C95D /* Main.storyboard */,
				043D54151ECB64CA0011C95D /* Assets.xcassets */,
				043D54171ECB64CA0011C95D /* LaunchScreen.storyboard */,
				043D541A1ECB64CA0011C95D /* Info.plist */,
				043D54121ECB64CA0011C95D /* WineCollector.xcdatamodeld */,
			);
			path = WineCollector;
			sourceTree = "<group>";
		};
/* End PBXGroup section */

/* Begin PBXNativeTarget section */
		043D54071ECB64CA0011C95D /* WineCollector */ = {
			isa = PBXNativeTarget;
			buildConfigurationList = 043D541D1ECB64CA0011C95D /* Build configuration list for PBXNativeTarget "WineCollector" */;
			buildPhases = (
				043D54041ECB64CA0011C95D /* Sources */,
				043D54051ECB64CA0011C95D /* Frameworks */,
				043D54061ECB64CA0011C95D /* Resources */,
			);
			buildRules = (
			);
			dependencies = (
			);
			name = WineCollector;
			productName = WineCollector;
			productReference = 043D54081ECB64CA0011C95D /* WineCollector.app */;
			productType = "com.apple.product-type.application";
		};
/* End PBXNativeTarget section */

/* Begin PBXProject section */
		043D54001ECB64CA0011C95D /* Project object */ = {
			isa = PBXProject;
			attributes = {
				LastSwiftUpdateCheck = 0830;
				LastUpgradeCheck = 0830;
				ORGANIZATIONNAME = "Matthew Hyrka";
				TargetAttributes = {
					043D54071ECB64CA0011C95D = {
						CreatedOnToolsVersion = 8.3.1;
						ProvisioningStyle = Automatic;
					};
				};
			};
			buildConfigurationList = 043D54031ECB64CA0011C95D /* Build configuration list for PBXProject "WineCollector" */;
			compatibilityVersion = "Xcode 3.2";
			developmentRegion = English;
			hasScannedForEncodings = 0;
			knownRegions = (
				en,
				Base,
			);
			mainGroup = 043D53FF1ECB64CA0011C95D;
			productRefGroup = 043D54091ECB64CA0011C95D /* Products */;
			projectDirPath = "";
			projectRoot = "";
			targets = (
				043D54071ECB64CA0011C95D /* WineCollector */,
			);
		};
/* End PBXProject section */

/* Begin PBXResourcesBuildPhase section */
		043D54061ECB64CA0011C95D /* Resources */ = {
			isa = PBXResourcesBuildPhase;
			buildActionMask = 2147483647;
			files = (
				043D54191ECB64CA0011C95D /* LaunchScreen.storyboard in Resources */,
				043D54161ECB64CA0011C95D /* Assets.xcassets in Resources */,
				043D54111ECB64CA0011C95D /* Main.storyboard in Resources */,
			);
			runOnlyForDeploymentPostprocessing = 0;
		};
/* End PBXResourcesBuildPhase section */

/* Begin PBXSourcesBuildPhase section */
		043D54041ECB64CA0011C95D /* Sources */ = {
			isa = PBXSourcesBuildPhase;
			buildActionMask = 2147483647;
			files = (
				043D54141ECB64CA0011C95D /* WineCollector.xcdatamodeld in Sources */,
				043D54231ECB6ADF0011C95D /* WineViewController.swift in Sources */,
				043D540E1ECB64CA0011C95D /* ViewController.swift in Sources */,
				043D540C1ECB64CA0011C95D /* AppDelegate.swift in Sources */,
			);
			runOnlyForDeploymentPostprocessing = 0;
		};
/* End PBXSourcesBuildPhase section */

/* Begin PBXVariantGroup section */
		043D540F1ECB64CA0011C95D /* Main.storyboard */ = {
			isa = PBXVariantGroup;
			children = (
				043D54101ECB64CA0011C95D /* Base */,
			);
			name = Main.storyboard;
			sourceTree = "<group>";
		};
		043D54171ECB64CA0011C95D /* LaunchScreen.storyboard */ = {
			isa = PBXVariantGroup;
			children = (
				043D54181ECB64CA0011C95D /* Base */,
			);
			name = LaunchScreen.storyboard;
			sourceTree = "<group>";
		};
/* End PBXVariantGroup section */

/* Begin XCBuildConfiguration section */
		043D541B1ECB64CA0011C95D /* Debug */ = {
			isa = XCBuildConfiguration;
			buildSettings = {
				ALWAYS_SEARCH_USER_PATHS = NO;
				CLANG_ANALYZER_NONNULL = YES;
				CLANG_ANALYZER_NUMBER_OBJECT_CONVERSION = YES_AGGRESSIVE;
				CLANG_CXX_LANGUAGE_STANDARD = "gnu++0x";
				CLANG_CXX_LIBRARY = "libc++";
				CLANG_ENABLE_MODULES = YES;
				CLANG_ENABLE_OBJC_ARC = YES;
				CLANG_WARN_BOOL_CONVERSION = YES;
				CLANG_WARN_CONSTANT_CONVERSION = YES;
				CLANG_WARN_DIRECT_OBJC_ISA_USAGE = YES_ERROR;
				CLANG_WARN_DOCUMENTATION_COMMENTS = YES;
				CLANG_WARN_EMPTY_BODY = YES;
				CLANG_WARN_ENUM_CONVERSION = YES;
				CLANG_WARN_INFINITE_RECURSION = YES;
				CLANG_WARN_INT_CONVERSION = YES;
				CLANG_WARN_OBJC_ROOT_CLASS = YES_ERROR;
				CLANG_WARN_SUSPICIOUS_MOVE = YES;
				CLANG_WARN_UNREACHABLE_CODE = YES;
				CLANG_WARN__DUPLICATE_METHOD_MATCH = YES;
				"CODE_SIGN_IDENTITY[sdk=iphoneos*]" = "iPhone Developer";
				COPY_PHASE_STRIP = NO;
				DEBUG_INFORMATION_FORMAT = dwarf;
				ENABLE_STRICT_OBJC_MSGSEND = YES;
				ENABLE_TESTABILITY = YES;
				GCC_C_LANGUAGE_STANDARD = gnu99;
				GCC_DYNAMIC_NO_PIC = NO;
				GCC_NO_COMMON_BLOCKS = YES;
				GCC_OPTIMIZATION_LEVEL = 0;
				GCC_PREPROCESSOR_DEFINITIONS = (
					"DEBUG=1",
					"$(inherited)",
				);
				GCC_WARN_64_TO_32_BIT_CONVERSION = YES;
				GCC_WARN_ABOUT_RETURN_TYPE = YES_ERROR;
				GCC_WARN_UNDECLARED_SELECTOR = YES;
				GCC_WARN_UNINITIALIZED_AUTOS = YES_AGGRESSIVE;
				GCC_WARN_UNUSED_FUNCTION = YES;
				GCC_WARN_UNUSED_VARIABLE = YES;
				IPHONEOS_DEPLOYMENT_TARGET = 10.3;
				MTL_ENABLE_DEBUG_INFO = YES;
				ONLY_ACTIVE_ARCH = YES;
				SDKROOT = iphoneos;
				SWIFT_ACTIVE_COMPILATION_CONDITIONS = DEBUG;
				SWIFT_OPTIMIZATION_LEVEL = "-Onone";
				TARGETED_DEVICE_FAMILY = "1,2";
			};
			name = Debug;
		};
		043D541C1ECB64CA0011C95D /* Release */ = {
			isa = XCBuildConfiguration;
			buildSettings = {
				ALWAYS_SEARCH_USER_PATHS = NO;
				CLANG_ANALYZER_NONNULL = YES;
				CLANG_ANALYZER_NUMBER_OBJECT_CONVERSION = YES_AGGRESSIVE;
				CLANG_CXX_LANGUAGE_STANDARD = "gnu++0x";
				CLANG_CXX_LIBRARY = "libc++";
				CLANG_ENABLE_MODULES = YES;
				CLANG_ENABLE_OBJC_ARC = YES;
				CLANG_WARN_BOOL_CONVERSION = YES;
				CLANG_WARN_CONSTANT_CONVERSION = YES;
				CLANG_WARN_DIRECT_OBJC_ISA_USAGE = YES_ERROR;
				CLANG_WARN_DOCUMENTATION_COMMENTS = YES;
				CLANG_WARN_EMPTY_BODY = YES;
				CLANG_WARN_ENUM_CONVERSION = YES;
				CLANG_WARN_INFINITE_RECURSION = YES;
				CLANG_WARN_INT_CONVERSION = YES;
				CLANG_WARN_OBJC_ROOT_CLASS = YES_ERROR;
				CLANG_WARN_SUSPICIOUS_MOVE = YES;
				CLANG_WARN_UNREACHABLE_CODE = YES;
				CLANG_WARN__DUPLICATE_METHOD_MATCH = YES;
				"CODE_SIGN_IDENTITY[sdk=iphoneos*]" = "iPhone Developer";
				COPY_PHASE_STRIP = NO;
				DEBUG_INFORMATION_FORMAT = "dwarf-with-dsym";
				ENABLE_NS_ASSERTIONS = NO;
				ENABLE_STRICT_OBJC_MSGSEND = YES;
				GCC_C_LANGUAGE_STANDARD = gnu99;
				GCC_NO_COMMON_BLOCKS = YES;
				GCC_WARN_64_TO_32_BIT_CONVERSION = YES;
				GCC_WARN_ABOUT_RETURN_TYPE = YES_ERROR;
				GCC_WARN_UNDECLARED_SELECTOR = YES;
				GCC_WARN_UNINITIALIZED_AUTOS = YES_AGGRESSIVE;
				GCC_WARN_UNUSED_FUNCTION = YES;
				GCC_WARN_UNUSED_VARIABLE = YES;
				IPHONEOS_DEPLOYMENT_TARGET = 10.3;
				MTL_ENABLE_DEBUG_INFO = NO;
				SDKROOT = iphoneos;
				SWIFT_OPTIMIZATION_LEVEL = "-Owholemodule";
				TARGETED_DEVICE_FAMILY = "1,2";
				VALIDATE_PRODUCT = YES;
			};
			name = Release;
		};
		043D541E1ECB64CA0011C95D /* Debug */ = {
			isa = XCBuildConfiguration;
			buildSettings = {
				ASSETCATALOG_COMPILER_APPICON_NAME = AppIcon;
				INFOPLIST_FILE = WineCollector/Info.plist;
				LD_RUNPATH_SEARCH_PATHS = "$(inherited) @executable_path/Frameworks";
				PRODUCT_BUNDLE_IDENTIFIER = tutorial.WineCollector;
				PRODUCT_NAME = "$(TARGET_NAME)";
				SWIFT_VERSION = 3.0;
			};
			name = Debug;
		};
		043D541F1ECB64CA0011C95D /* Release */ = {
			isa = XCBuildConfiguration;
			buildSettings = {
				ASSETCATALOG_COMPILER_APPICON_NAME = AppIcon;
				INFOPLIST_FILE = WineCollector/Info.plist;
				LD_RUNPATH_SEARCH_PATHS = "$(inherited) @executable_path/Frameworks";
				PRODUCT_BUNDLE_IDENTIFIER = tutorial.WineCollector;
				PRODUCT_NAME = "$(TARGET_NAME)";
				SWIFT_VERSION = 3.0;
			};
			name = Release;
		};
/* End XCBuildConfiguration section */

/* Begin XCConfigurationList section */
		043D54031ECB64CA0011C95D /* Build configuration list for PBXProject "WineCollector" */ = {
			isa = XCConfigurationList;
			buildConfigurations = (
				043D541B1ECB64CA0011C95D /* Debug */,
				043D541C1ECB64CA0011C95D /* Release */,
			);
			defaultConfigurationIsVisible = 0;
			defaultConfigurationName = Release;
		};
		043D541D1ECB64CA0011C95D /* Build configuration list for PBXNativeTarget "WineCollector" */ = {
			isa = XCConfigurationList;
			buildConfigurations = (
				043D541E1ECB64CA0011C95D /* Debug */,
				043D541F1ECB64CA0011C95D /* Release */,
			);
			defaultConfigurationIsVisible = 0;
			defaultConfigurationName = Release;
		};
/* End XCConfigurationList section */

/* Begin XCVersionGroup section */
		043D54121ECB64CA0011C95D /* WineCollector.xcdatamodeld */ = {
			isa = XCVersionGroup;
			children = (
				043D54131ECB64CA0011C95D /* WineCollector.xcdatamodel */,
			);
			currentVersion = 043D54131ECB64CA0011C95D /* WineCollector.xcdatamodel */;
			path = WineCollector.xcdatamodeld;
			sourceTree = "<group>";
			versionGroupType = wrapper.xcdatamodel;
		};
/* End XCVersionGroup section */
	};
	rootObject = 043D54001ECB64CA0011C95D /* Project object */;
}
